
Microsoft Visual Studio Solution File, Format Version 12.00
# Visual Studio Version 17
VisualStudioVersion = 17.14.36908.2 d17.14
MinimumVisualStudioVersion = 10.0.40219.1
Project("{2150E333-8FDC-42A3-9474-1A3956D46DE8}") = "Task1", "Task1", "{02EA681E-C7D8-13C7-8484-4AC65E1B71E8}"
EndProject
Project("{FAE04EC0-301F-11D3-BF4B-00C04F79EFBC}") = "Tyuiu.Rahim.Sprint0.Task1.V1", "Tyuiu.Rahim.Sprint0.Task1.V1\Tyuiu.Rahim.Sprint0.Task1.V1.csproj", "{8ABF53CE-0885-439E-9D0F-FB56DC69E25A}"
EndProject
Project("{2150E333-8FDC-42A3-9474-1A3956D46DE8}") = "Task2", "Task2", "{F609A3BB-ADD8-4875-8459-D4B7986A3D6D}"
EndProject
Project("{FAE04EC0-301F-11D3-BF4B-00C04F79EFBC}") = "Tyuiu.Rahim.Sprint0.Task2.V1", "Tyuiu.Rahim.Sprint0.Task2.V1\Tyuiu.Rahim.Sprint0.Task2.V1.csproj", "{0DC9E6F4-0FC6-433C-B563-FF58F735DA71}"
EndProject
Project("{FAE04EC0-301F-11D3-BF4B-00C04F79EFBC}") = "Tyuiu.Rahim.Sprint0.Task2.V1.Lib", "Tyuiu.Rahim.Sprint0.Task2.V1.Lib\Tyuiu.Rahim.Sprint0.Task2.V1.Lib.csproj", "{2E6D48A2-5804-43E2-80EA-280DC658B4A2}"
EndProject
Project("{FAE04EC0-301F-11D3-BF4B-00C04F79EFBC}") = "Tyuiu.Rahim.Sprint0.Task2.V1.Test", "Tyuiu.Rahim.Sprint0.Task2.V1.Test\Tyuiu.Rahim.Sprint0.Task2.V1.Test.csproj", "{0DFD71EF-995C-4C96-B1FC-17B2903EDC01}"
EndProject
Project("{2150E333-8FDC-42A3-9474-1A3956D46DE8}") = "Task3", "Task3", "{6565C16B-C3BE-4310-8E92-F2881BA5B249}"
EndProject
Project("{FAE04EC0-301F-11D3-BF4B-00C04F79EFBC}") = "Tyuiu.Rahim.Sprint0.Task3.V1", "Tyuiu.Rahim.Sprint0.Task3.V1\Tyuiu.Rahim.Sprint0.Task3.V1.csproj", "{02D67B59-88C7-4A4B-B5A3-E96E008A74E4}"
EndProject
Project("{FAE04EC0-301F-11D3-BF4B-00C04F79EFBC}") = "Tyuiu.Rahim.Sprint0.Task3.V1.Lib", "Tyuiu.Rahim.Sprint0.Task3.V1.Lib\Tyuiu.Rahim.Sprint0.Task3.V1.Lib.csproj", "{4558A16B-A07F-49D6-8333-F84EAD97AF76}"
EndProject
Project("{FAE04EC0-301F-11D3-BF4B-00C04F79EFBC}") = "Tyuiu.Rahim.Sprint0.Task3.V1.Test", "Tyuiu.Rahim.Sprint0.Task3.V1.Test\Tyuiu.Rahim.Sprint0.Task3.V1.Test.csproj", "{D4DA142F-98A2-41B3-B49E-6A29CDA3BC22}"
EndProject
Project("{2150E333-8FDC-42A3-9474-1A3956D46DE8}") = "Task4", "Task4", "{DDD5EFC0-FE27-4C3A-9770-3B0D7670ABBE}"
EndProject
Project("{FAE04EC0-301F-11D3-BF4B-00C04F79EFBC}") = "Tyuiu.Rahim.Sprint0.Task4.V1", "Tyuiu.Rahim.Sprint0.Task4.V1\Tyuiu.Rahim.Sprint0.Task4.V1.csproj", "{D286BE25-6BF9-413A-AE86-544BE67A7CFB}"
EndProject
Project("{FAE04EC0-301F-11D3-BF4B-00C04F79EFBC}") = "Tyuiu.Rahim.Sprint0.Task4.V1.Lib", "Tyuiu.Rahim.Sprint0.Task4.V1.Lib\Tyuiu.Rahim.Sprint0.Task4.V1.Lib.csproj", "{994D2BA1-10EA-4240-9B81-33D05298345C}"
EndProject
Project("{FAE04EC0-301F-11D3-BF4B-00C04F79EFBC}") = "Tyuiu.Rahim.Sprint0.Task4.V1.Test", "Tyuiu.Rahim.Sprint0.Task4.V1.Test\Tyuiu.Rahim.Sprint0.Task4.V1.Test.csproj", "{21B7E668-3CA5-48B0-80A3-A3B0721FE8E3}"
EndProject
Project("{2150E333-8FDC-42A3-9474-1A3956D46DE8}") = "Task5", "Task5", "{50B5C712-4911-4659-95A8-9399F7793D46}"
EndProject
Project("{FAE04EC0-301F-11D3-BF4B-00C04F79EFBC}") = "Tyuiu.Rahim.Sprint0.Task5.V1", "Tyuiu.Rahim.Sprint0.Task5.V1\Tyuiu.Rahim.Sprint0.Task5.V1.csproj", "{12514019-4DF3-4FDA-856D-DC3EEF904306}"
EndProject
Project("{FAE04EC0-301F-11D3-BF4B-00C04F79EFBC}") = "Tyuiu.Rahim.Sprint0.Task5.V1.Lib", "Tyuiu.Rahim.Sprint0.Task5.V1.Lib\Tyuiu.Rahim.Sprint0.Task5.V1.Lib.csproj", "{37AD45D9-83E0-4356-A167-84086404ED0C}"
EndProject
Project("{FAE04EC0-301F-11D3-BF4B-00C04F79EFBC}") = "Tyuiu.Rahim.Sprint0.Task5.V1.Test", "Tyuiu.Rahim.Sprint0.Task5.V1.Test\Tyuiu.Rahim.Sprint0.Task5.V1.Test.csproj", "{23A98994-2966-416D-B30A-062175EB991F}"
EndProject
Project("{2150E333-8FDC-42A3-9474-1A3956D46DE8}") = "T", "T", "{27AB9B25-BE61-4B29-BA4A-2BB7EADDD26D}"
EndProject
Project("{2150E333-8FDC-42A3-9474-1A3956D46DE8}") = "Task6", "Task6", "{886BCD11-D5C4-4787-9DCA-74F075FB3BC2}"
EndProject
Project("{FAE04EC0-301F-11D3-BF4B-00C04F79EFBC}") = "Tyuiu.Rahim.Sprint0.Task6.V1", "Tyuiu.Rahim.Sprint0.Task6.V1\Tyuiu.Rahim.Sprint0.Task6.V1.csproj", "{DD6F8521-9FEB-4607-B486-3DA3D5706101}"
EndProject
Project("{FAE04EC0-301F-11D3-BF4B-00C04F79EFBC}") = "Tyuiu.Rahim.Sprint0.Task6.V1.Lib", "Tyuiu.Rahim.Sprint0.Task6.V1.Lib\Tyuiu.Rahim.Sprint0.Task6.V1.Lib.csproj", "{146314C5-6281-4B3D-BCC9-0A02ECA472B5}"
EndProject
Project("{FAE04EC0-301F-11D3-BF4B-00C04F79EFBC}") = "Tyuiu.Rahim.Sprint0.Task6.V1.Test", "Tyuiu.Rahim.Sprint0.Task6.V1.Test\Tyuiu.Rahim.Sprint0.Task6.V1.Test.csproj", "{3C4091EA-F603-4F2B-91FD-DE79442D6E05}"
EndProject
Global
	GlobalSection(SolutionConfigurationPlatforms) = preSolution
		Debug|Any CPU = Debug|Any CPU
		Release|Any CPU = Release|Any CPU
	EndGlobalSection
	GlobalSection(ProjectConfigurationPlatforms) = postSolution
		{8ABF53CE-0885-439E-9D0F-FB56DC69E25A}.Debug|Any CPU.ActiveCfg = Debug|Any CPU
		{8ABF53CE-0885-439E-9D0F-FB56DC69E25A}.Debug|Any CPU.Build.0 = Debug|Any CPU
		{8ABF53CE-0885-439E-9D0F-FB56DC69E25A}.Release|Any CPU.ActiveCfg = Release|Any CPU
		{8ABF53CE-0885-439E-9D0F-FB56DC69E25A}.Release|Any CPU.Build.0 = Release|Any CPU
		{0DC9E6F4-0FC6-433C-B563-FF58F735DA71}.Debug|Any CPU.ActiveCfg = Debug|Any CPU
		{0DC9E6F4-0FC6-433C-B563-FF58F735DA71}.Debug|Any CPU.Build.0 = Debug|Any CPU
		{0DC9E6F4-0FC6-433C-B563-FF58F735DA71}.Release|Any CPU.ActiveCfg = Release|Any CPU
		{0DC9E6F4-0FC6-433C-B563-FF58F735DA71}.Release|Any CPU.Build.0 = Release|Any CPU
		{2E6D48A2-5804-43E2-80EA-280DC658B4A2}.Debug|Any CPU.ActiveCfg = Debug|Any CPU
		{2E6D48A2-5804-43E2-80EA-280DC658B4A2}.Debug|Any CPU.Build.0 = Debug|Any CPU
		{2E6D48A2-5804-43E2-80EA-280DC658B4A2}.Release|Any CPU.ActiveCfg = Release|Any CPU
		{2E6D48A2-5804-43E2-80EA-280DC658B4A2}.Release|Any CPU.Build.0 = Release|Any CPU
		{0DFD71EF-995C-4C96-B1FC-17B2903EDC01}.Debug|Any CPU.ActiveCfg = Debug|Any CPU
		{0DFD71EF-995C-4C96-B1FC-17B2903EDC01}.Debug|Any CPU.Build.0 = Debug|Any CPU
		{0DFD71EF-995C-4C96-B1FC-17B2903EDC01}.Release|Any CPU.ActiveCfg = Release|Any CPU
		{0DFD71EF-995C-4C96-B1FC-17B2903EDC01}.Release|Any CPU.Build.0 = Release|Any CPU
		{02D67B59-88C7-4A4B-B5A3-E96E008A74E4}.Debug|Any CPU.ActiveCfg = Debug|Any CPU
		{02D67B59-88C7-4A4B-B5A3-E96E008A74E4}.Debug|Any CPU.Build.0 = Debug|Any CPU
		{02D67B59-88C7-4A4B-B5A3-E96E008A74E4}.Release|Any CPU.ActiveCfg = Release|Any CPU
		{02D67B59-88C7-4A4B-B5A3-E96E008A74E4}.Release|Any CPU.Build.0 = Release|Any CPU
		{4558A16B-A07F-49D6-8333-F84EAD97AF76}.Debug|Any CPU.ActiveCfg = Debug|Any CPU
		{4558A16B-A07F-49D6-8333-F84EAD97AF76}.Debug|Any CPU.Build.0 = Debug|Any CPU
		{4558A16B-A07F-49D6-8333-F84EAD97AF76}.Release|Any CPU.ActiveCfg = Release|Any CPU
		{4558A16B-A07F-49D6-8333-F84EAD97AF76}.Release|Any CPU.Build.0 = Release|Any CPU
		{D4DA142F-98A2-41B3-B49E-6A29CDA3BC22}.Debug|Any CPU.ActiveCfg = Debug|Any CPU
		{D4DA142F-98A2-41B3-B49E-6A29CDA3BC22}.Debug|Any CPU.Build.0 = Debug|Any CPU
		{D4DA142F-98A2-41B3-B49E-6A29CDA3BC22}.Release|Any CPU.ActiveCfg = Release|Any CPU
		{D4DA142F-98A2-41B3-B49E-6A29CDA3BC22}.Release|Any CPU.Build.0 = Release|Any CPU
		{D286BE25-6BF9-413A-AE86-544BE67A7CFB}.Debug|Any CPU.ActiveCfg = Debug|Any CPU
		{D286BE25-6BF9-413A-AE86-544BE67A7CFB}.Debug|Any CPU.Build.0 = Debug|Any CPU
		{D286BE25-6BF9-413A-AE86-544BE67A7CFB}.Release|Any CPU.ActiveCfg = Release|Any CPU
		{D286BE25-6BF9-413A-AE86-544BE67A7CFB}.Release|Any CPU.Build.0 = Release|Any CPU
		{994D2BA1-10EA-4240-9B81-33D05298345C}.Debug|Any CPU.ActiveCfg = Debug|Any CPU
		{994D2BA1-10EA-4240-9B81-33D05298345C}.Debug|Any CPU.Build.0 = Debug|Any CPU
		{994D2BA1-10EA-4240-9B81-33D05298345C}.Release|Any CPU.ActiveCfg = Release|Any CPU
		{994D2BA1-10EA-4240-9B81-33D05298345C}.Release|Any CPU.Build.0 = Release|Any CPU
		{21B7E668-3CA5-48B0-80A3-A3B0721FE8E3}.Debug|Any CPU.ActiveCfg = Debug|Any CPU
		{21B7E668-3CA5-48B0-80A3-A3B0721FE8E3}.Debug|Any CPU.Build.0 = Debug|Any CPU
		{21B7E668-3CA5-48B0-80A3-A3B0721FE8E3}.Release|Any CPU.ActiveCfg = Release|Any CPU
		{21B7E668-3CA5-48B0-80A3-A3B0721FE8E3}.Release|Any CPU.Build.0 = Release|Any CPU
		{12514019-4DF3-4FDA-856D-DC3EEF904306}.Debug|Any CPU.ActiveCfg = Debug|Any CPU
		{12514019-4DF3-4FDA-856D-DC3EEF904306}.Debug|Any CPU.Build.0 = Debug|Any CPU
		{12514019-4DF3-4FDA-856D-DC3EEF904306}.Release|Any CPU.ActiveCfg = Release|Any CPU
		{12514019-4DF3-4FDA-856D-DC3EEF904306}.Release|Any CPU.Build.0 = Release|Any CPU
		{37AD45D9-83E0-4356-A167-84086404ED0C}.Debug|Any CPU.ActiveCfg = Debug|Any CPU
		{37AD45D9-83E0-4356-A167-84086404ED0C}.Debug|Any CPU.Build.0 = Debug|Any CPU
		{37AD45D9-83E0-4356-A167-84086404ED0C}.Release|Any CPU.ActiveCfg = Release|Any CPU
		{37AD45D9-83E0-4356-A167-84086404ED0C}.Release|Any CPU.Build.0 = Release|Any CPU
		{23A98994-2966-416D-B30A-062175EB991F}.Debug|Any CPU.ActiveCfg = Debug|Any CPU
		{23A98994-2966-416D-B30A-062175EB991F}.Debug|Any CPU.Build.0 = Debug|Any CPU
		{23A98994-2966-416D-B30A-062175EB991F}.Release|Any CPU.ActiveCfg = Release|Any CPU
		{23A98994-2966-416D-B30A-062175EB991F}.Release|Any CPU.Build.0 = Release|Any CPU
		{DD6F8521-9FEB-4607-B486-3DA3D5706101}.Debug|Any CPU.ActiveCfg = Debug|Any CPU
		{DD6F8521-9FEB-4607-B486-3DA3D5706101}.Debug|Any CPU.Build.0 = Debug|Any CPU
		{DD6F8521-9FEB-4607-B486-3DA3D5706101}.Release|Any CPU.ActiveCfg = Release|Any CPU
		{DD6F8521-9FEB-4607-B486-3DA3D5706101}.Release|Any CPU.Build.0 = Release|Any CPU
		{146314C5-6281-4B3D-BCC9-0A02ECA472B5}.Debug|Any CPU.ActiveCfg = Debug|Any CPU
		{146314C5-6281-4B3D-BCC9-0A02ECA472B5}.Debug|Any CPU.Build.0 = Debug|Any CPU
		{146314C5-6281-4B3D-BCC9-0A02ECA472B5}.Release|Any CPU.ActiveCfg = Release|Any CPU
		{146314C5-6281-4B3D-BCC9-0A02ECA472B5}.Release|Any CPU.Build.0 = Release|Any CPU
		{3C4091EA-F603-4F2B-91FD-DE79442D6E05}.Debug|Any CPU.ActiveCfg = Debug|Any CPU
		{3C4091EA-F603-4F2B-91FD-DE79442D6E05}.Debug|Any CPU.Build.0 = Debug|Any CPU
		{3C4091EA-F603-4F2B-91FD-DE79442D6E05}.Release|Any CPU.ActiveCfg = Release|Any CPU
		{3C4091EA-F603-4F2B-91FD-DE79442D6E05}.Release|Any CPU.Build.0 = Release|Any CPU
	EndGlobalSection
	GlobalSection(SolutionProperties) = preSolution
		HideSolutionNode = FALSE
	EndGlobalSection
	GlobalSection(NestedProjects) = preSolution
		{8ABF53CE-0885-439E-9D0F-FB56DC69E25A} = {02EA681E-C7D8-13C7-8484-4AC65E1B71E8}
		{0DC9E6F4-0FC6-433C-B563-FF58F735DA71} = {F609A3BB-ADD8-4875-8459-D4B7986A3D6D}
		{2E6D48A2-5804-43E2-80EA-280DC658B4A2} = {F609A3BB-ADD8-4875-8459-D4B7986A3D6D}
		{0DFD71EF-995C-4C96-B1FC-17B2903EDC01} = {F609A3BB-ADD8-4875-8459-D4B7986A3D6D}
		{02D67B59-88C7-4A4B-B5A3-E96E008A74E4} = {6565C16B-C3BE-4310-8E92-F2881BA5B249}
		{4558A16B-A07F-49D6-8333-F84EAD97AF76} = {6565C16B-C3BE-4310-8E92-F2881BA5B249}
		{D4DA142F-98A2-41B3-B49E-6A29CDA3BC22} = {6565C16B-C3BE-4310-8E92-F2881BA5B249}
		{D286BE25-6BF9-413A-AE86-544BE67A7CFB} = {DDD5EFC0-FE27-4C3A-9770-3B0D7670ABBE}
		{994D2BA1-10EA-4240-9B81-33D05298345C} = {DDD5EFC0-FE27-4C3A-9770-3B0D7670ABBE}
		{21B7E668-3CA5-48B0-80A3-A3B0721FE8E3} = {DDD5EFC0-FE27-4C3A-9770-3B0D7670ABBE}
		{12514019-4DF3-4FDA-856D-DC3EEF904306} = {50B5C712-4911-4659-95A8-9399F7793D46}
		{37AD45D9-83E0-4356-A167-84086404ED0C} = {50B5C712-4911-4659-95A8-9399F7793D46}
		{23A98994-2966-416D-B30A-062175EB991F} = {50B5C712-4911-4659-95A8-9399F7793D46}
		{DD6F8521-9FEB-4607-B486-3DA3D5706101} = {886BCD11-D5C4-4787-9DCA-74F075FB3BC2}
		{146314C5-6281-4B3D-BCC9-0A02ECA472B5} = {886BCD11-D5C4-4787-9DCA-74F075FB3BC2}
		{3C4091EA-F603-4F2B-91FD-DE79442D6E05} = {886BCD11-D5C4-4787-9DCA-74F075FB3BC2}
	EndGlobalSection
	GlobalSection(ExtensibilityGlobals) = postSolution
		SolutionGuid = {C2852DD3-7368-42DF-8FA7-4E4F91037536}
	EndGlobalSection
EndGlobal
